// !$*UTF8*$!
{
	archiveVersion = 1;
	classes = {
	};
	objectVersion = 56;
	objects = {

/* Begin PBXBuildFile section */
		E71146242C0C57CD009E256A /* custom_mind_info.swift in Sources */ = {isa = PBXBuildFile; fileRef = E71146232C0C57CD009E256A /* custom_mind_info.swift */; };
		E71146262C0C59FE009E256A /* lucky_card_2.swift in Sources */ = {isa = PBXBuildFile; fileRef = E71146252C0C59FE009E256A /* lucky_card_2.swift */; };
		E71146282C0C5B65009E256A /* make_custom_mind.swift in Sources */ = {isa = PBXBuildFile; fileRef = E71146272C0C5B65009E256A /* make_custom_mind.swift */; };
		E711462A2C0C75E1009E256A /* my.swift in Sources */ = {isa = PBXBuildFile; fileRef = E71146292C0C75E1009E256A /* my.swift */; };
		E711462C2C0C8301009E256A /* mainView.swift in Sources */ = {isa = PBXBuildFile; fileRef = E711462B2C0C8301009E256A /* mainView.swift */; };
		E72668032C19266F005E06D0 /* Lexend-SemiBold.ttf in Resources */ = {isa = PBXBuildFile; fileRef = E72668022C19266F005E06D0 /* Lexend-SemiBold.ttf */; };
		E787D7D12C0B5A1B0005D34A /* LuckymeApp.swift in Sources */ = {isa = PBXBuildFile; fileRef = E787D7D02C0B5A1B0005D34A /* LuckymeApp.swift */; };
		E787D7D32C0B5A1B0005D34A /* Splash.swift in Sources */ = {isa = PBXBuildFile; fileRef = E787D7D22C0B5A1B0005D34A /* Splash.swift */; };
		E787D7D52C0B5A1D0005D34A /* Assets.xcassets in Resources */ = {isa = PBXBuildFile; fileRef = E787D7D42C0B5A1D0005D34A /* Assets.xcassets */; };
		E787D7D82C0B5A1D0005D34A /* Preview Assets.xcassets in Resources */ = {isa = PBXBuildFile; fileRef = E787D7D72C0B5A1D0005D34A /* Preview Assets.xcassets */; };
		E787D7DF2C0B5ABD0005D34A /* Home.swift in Sources */ = {isa = PBXBuildFile; fileRef = E787D7DE2C0B5ABD0005D34A /* Home.swift */; };
		E787D7E12C0B5AC70005D34A /* worryBefore.swift in Sources */ = {isa = PBXBuildFile; fileRef = E787D7E02C0B5AC70005D34A /* worryBefore.swift */; };
		E787D7E32C0B5AD10005D34A /* worryAfter.swift in Sources */ = {isa = PBXBuildFile; fileRef = E787D7E22C0B5AD10005D34A /* worryAfter.swift */; };
		E787D7E52C0B5AE90005D34A /* custom_mind.swift in Sources */ = {isa = PBXBuildFile; fileRef = E787D7E42C0B5AE90005D34A /* custom_mind.swift */; };
		E787D7E72C0B64EB0005D34A /* ButtonSystem.swift in Sources */ = {isa = PBXBuildFile; fileRef = E787D7E62C0B64EB0005D34A /* ButtonSystem.swift */; };
		E787D7E92C0B6D0C0005D34A /* lucky_card.swift in Sources */ = {isa = PBXBuildFile; fileRef = E787D7E82C0B6D0C0005D34A /* lucky_card.swift */; };
/* End PBXBuildFile section */

/* Begin PBXFileReference section */
		E71146232C0C57CD009E256A /* custom_mind_info.swift */ = {isa = PBXFileReference; lastKnownFileType = sourcecode.swift; path = custom_mind_info.swift; sourceTree = "<group>"; };
		E71146252C0C59FE009E256A /* lucky_card_2.swift */ = {isa = PBXFileReference; lastKnownFileType = sourcecode.swift; path = lucky_card_2.swift; sourceTree = "<group>"; };
		E71146272C0C5B65009E256A /* make_custom_mind.swift */ = {isa = PBXFileReference; lastKnownFileType = sourcecode.swift; path = make_custom_mind.swift; sourceTree = "<group>"; };
		E71146292C0C75E1009E256A /* my.swift */ = {isa = PBXFileReference; lastKnownFileType = sourcecode.swift; path = my.swift; sourceTree = "<group>"; };
		E711462B2C0C8301009E256A /* mainView.swift */ = {isa = PBXFileReference; lastKnownFileType = sourcecode.swift; path = mainView.swift; sourceTree = "<group>"; };
		E72668012C1924FA005E06D0 /* Info.plist */ = {isa = PBXFileReference; lastKnownFileType = text.plist; path = Info.plist; sourceTree = "<group>"; };
		E72668022C19266F005E06D0 /* Lexend-SemiBold.ttf */ = {isa = PBXFileReference; lastKnownFileType = file; path = "Lexend-SemiBold.ttf"; sourceTree = "<group>"; };
		E787D7CD2C0B5A1B0005D34A /* Luckyme.app */ = {isa = PBXFileReference; explicitFileType = wrapper.application; includeInIndex = 0; path = Luckyme.app; sourceTree = BUILT_PRODUCTS_DIR; };
		E787D7D02C0B5A1B0005D34A /* LuckymeApp.swift */ = {isa = PBXFileReference; lastKnownFileType = sourcecode.swift; path = LuckymeApp.swift; sourceTree = "<group>"; };
		E787D7D22C0B5A1B0005D34A /* Splash.swift */ = {isa = PBXFileReference; lastKnownFileType = sourcecode.swift; path = Splash.swift; sourceTree = "<group>"; };
		E787D7D42C0B5A1D0005D34A /* Assets.xcassets */ = {isa = PBXFileReference; lastKnownFileType = folder.assetcatalog; path = Assets.xcassets; sourceTree = "<group>"; };
		E787D7D72C0B5A1D0005D34A /* Preview Assets.xcassets */ = {isa = PBXFileReference; lastKnownFileType = folder.assetcatalog; path = "Preview Assets.xcassets"; sourceTree = "<group>"; };
		E787D7DE2C0B5ABD0005D34A /* Home.swift */ = {isa = PBXFileReference; lastKnownFileType = sourcecode.swift; path = Home.swift; sourceTree = "<group>"; };
		E787D7E02C0B5AC70005D34A /* worryBefore.swift */ = {isa = PBXFileReference; lastKnownFileType = sourcecode.swift; path = worryBefore.swift; sourceTree = "<group>"; };
		E787D7E22C0B5AD10005D34A /* worryAfter.swift */ = {isa = PBXFileReference; lastKnownFileType = sourcecode.swift; path = worryAfter.swift; sourceTree = "<group>"; };
		E787D7E42C0B5AE90005D34A /* custom_mind.swift */ = {isa = PBXFileReference; lastKnownFileType = sourcecode.swift; path = custom_mind.swift; sourceTree = "<group>"; };
		E787D7E62C0B64EB0005D34A /* ButtonSystem.swift */ = {isa = PBXFileReference; lastKnownFileType = sourcecode.swift; path = ButtonSystem.swift; sourceTree = "<group>"; };
		E787D7E82C0B6D0C0005D34A /* lucky_card.swift */ = {isa = PBXFileReference; lastKnownFileType = sourcecode.swift; path = lucky_card.swift; sourceTree = "<group>"; };
/* End PBXFileReference section */

/* Begin PBXFrameworksBuildPhase section */
		E787D7CA2C0B5A1B0005D34A /* Frameworks */ = {
			isa = PBXFrameworksBuildPhase;
			buildActionMask = 2147483647;
			files = (
			);
			runOnlyForDeploymentPostprocessing = 0;
		};
/* End PBXFrameworksBuildPhase section */

/* Begin PBXGroup section */
		E72667FE2C19249D005E06D0 /* font */ = {
			isa = PBXGroup;
			children = (
				E72668022C19266F005E06D0 /* Lexend-SemiBold.ttf */,
			);
			path = font;
			sourceTree = "<group>";
		};
		E787D7C42C0B5A1B0005D34A = {
			isa = PBXGroup;
			children = (
				E787D7CF2C0B5A1B0005D34A /* Luckyme */,
				E787D7CE2C0B5A1B0005D34A /* Products */,
			);
			sourceTree = "<group>";
		};
		E787D7CE2C0B5A1B0005D34A /* Products */ = {
			isa = PBXGroup;
			children = (
				E787D7CD2C0B5A1B0005D34A /* Luckyme.app */,
			);
			name = Products;
			sourceTree = "<group>";
		};
		E787D7CF2C0B5A1B0005D34A /* Luckyme */ = {
			isa = PBXGroup;
			children = (
				E72668012C1924FA005E06D0 /* Info.plist */,
				E787D7D02C0B5A1B0005D34A /* LuckymeApp.swift */,
				E787D7E62C0B64EB0005D34A /* ButtonSystem.swift */,
				E787D7D22C0B5A1B0005D34A /* Splash.swift */,
				E711462B2C0C8301009E256A /* mainView.swift */,
				E787D7DE2C0B5ABD0005D34A /* Home.swift */,
				E787D7E02C0B5AC70005D34A /* worryBefore.swift */,
				E787D7E22C0B5AD10005D34A /* worryAfter.swift */,
				E787D7E42C0B5AE90005D34A /* custom_mind.swift */,
				E71146232C0C57CD009E256A /* custom_mind_info.swift */,
				E71146272C0C5B65009E256A /* make_custom_mind.swift */,
				E787D7E82C0B6D0C0005D34A /* lucky_card.swift */,
				E71146252C0C59FE009E256A /* lucky_card_2.swift */,
				E71146292C0C75E1009E256A /* my.swift */,
				E787D7D42C0B5A1D0005D34A /* Assets.xcassets */,
				E72667FE2C19249D005E06D0 /* font */,
				E787D7D62C0B5A1D0005D34A /* Preview Content */,
			);
			path = Luckyme;
			sourceTree = "<group>";
		};
		E787D7D62C0B5A1D0005D34A /* Preview Content */ = {
			isa = PBXGroup;
			children = (
				E787D7D72C0B5A1D0005D34A /* Preview Assets.xcassets */,
			);
			path = "Preview Content";
			sourceTree = "<group>";
		};
/* End PBXGroup section */

/* Begin PBXNativeTarget section */
		E787D7CC2C0B5A1B0005D34A /* Luckyme */ = {
			isa = PBXNativeTarget;
			buildConfigurationList = E787D7DB2C0B5A1D0005D34A /* Build configuration list for PBXNativeTarget "Luckyme" */;
			buildPhases = (
				E787D7C92C0B5A1B0005D34A /* Sources */,
				E787D7CA2C0B5A1B0005D34A /* Frameworks */,
				E787D7CB2C0B5A1B0005D34A /* Resources */,
			);
			buildRules = (
			);
			dependencies = (
			);
			name = Luckyme;
			productName = Luckyme;
			productReference = E787D7CD2C0B5A1B0005D34A /* Luckyme.app */;
			productType = "com.apple.product-type.application";
		};
/* End PBXNativeTarget section */

/* Begin PBXProject section */
		E787D7C52C0B5A1B0005D34A /* Project object */ = {
			isa = PBXProject;
			attributes = {
				BuildIndependentTargetsInParallel = 1;
				LastSwiftUpdateCheck = 1530;
				LastUpgradeCheck = 1530;
				TargetAttributes = {
					E787D7CC2C0B5A1B0005D34A = {
						CreatedOnToolsVersion = 15.3;
					};
				};
			};
			buildConfigurationList = E787D7C82C0B5A1B0005D34A /* Build configuration list for PBXProject "Luckyme" */;
			compatibilityVersion = "Xcode 14.0";
			developmentRegion = en;
			hasScannedForEncodings = 0;
			knownRegions = (
				en,
				Base,
			);
			mainGroup = E787D7C42C0B5A1B0005D34A;
			productRefGroup = E787D7CE2C0B5A1B0005D34A /* Products */;
			projectDirPath = "";
			projectRoot = "";
			targets = (
				E787D7CC2C0B5A1B0005D34A /* Luckyme */,
			);
		};
/* End PBXProject section */

/* Begin PBXResourcesBuildPhase section */
		E787D7CB2C0B5A1B0005D34A /* Resources */ = {
			isa = PBXResourcesBuildPhase;
			buildActionMask = 2147483647;
			files = (
				E787D7D82C0B5A1D0005D34A /* Preview Assets.xcassets in Resources */,
				E72668032C19266F005E06D0 /* Lexend-SemiBold.ttf in Resources */,
				E787D7D52C0B5A1D0005D34A /* Assets.xcassets in Resources */,
			);
			runOnlyForDeploymentPostprocessing = 0;
		};
/* End PBXResourcesBuildPhase section */

/* Begin PBXSourcesBuildPhase section */
		E787D7C92C0B5A1B0005D34A /* Sources */ = {
			isa = PBXSourcesBuildPhase;
			buildActionMask = 2147483647;
			files = (
				E71146282C0C5B65009E256A /* make_custom_mind.swift in Sources */,
				E711462A2C0C75E1009E256A /* my.swift in Sources */,
				E711462C2C0C8301009E256A /* mainView.swift in Sources */,
				E787D7E72C0B64EB0005D34A /* ButtonSystem.swift in Sources */,
				E71146262C0C59FE009E256A /* lucky_card_2.swift in Sources */,
				E787D7D32C0B5A1B0005D34A /* Splash.swift in Sources */,
				E787D7E32C0B5AD10005D34A /* worryAfter.swift in Sources */,
				E787D7E52C0B5AE90005D34A /* custom_mind.swift in Sources */,
				E787D7E92C0B6D0C0005D34A /* lucky_card.swift in Sources */,
				E71146242C0C57CD009E256A /* custom_mind_info.swift in Sources */,
				E787D7DF2C0B5ABD0005D34A /* Home.swift in Sources */,
				E787D7E12C0B5AC70005D34A /* worryBefore.swift in Sources */,
				E787D7D12C0B5A1B0005D34A /* LuckymeApp.swift in Sources */,
			);
			runOnlyForDeploymentPostprocessing = 0;
		};
/* End PBXSourcesBuildPhase section */

/* Begin XCBuildConfiguration section */
		E787D7D92C0B5A1D0005D34A /* Debug */ = {
			isa = XCBuildConfiguration;
			buildSettings = {
				ALWAYS_SEARCH_USER_PATHS = NO;
				ASSETCATALOG_COMPILER_GENERATE_SWIFT_ASSET_SYMBOL_EXTENSIONS = YES;
				CLANG_ANALYZER_NONNULL = YES;
				CLANG_ANALYZER_NUMBER_OBJECT_CONVERSION = YES_AGGRESSIVE;
				CLANG_CXX_LANGUAGE_STANDARD = "gnu++20";
				CLANG_ENABLE_MODULES = YES;
				CLANG_ENABLE_OBJC_ARC = YES;
				CLANG_ENABLE_OBJC_WEAK = YES;
				CLANG_WARN_BLOCK_CAPTURE_AUTORELEASING = YES;
				CLANG_WARN_BOOL_CONVERSION = YES;
				CLANG_WARN_COMMA = YES;
				CLANG_WARN_CONSTANT_CONVERSION = YES;
				CLANG_WARN_DEPRECATED_OBJC_IMPLEMENTATIONS = YES;
				CLANG_WARN_DIRECT_OBJC_ISA_USAGE = YES_ERROR;
				CLANG_WARN_DOCUMENTATION_COMMENTS = YES;
				CLANG_WARN_EMPTY_BODY = YES;
				CLANG_WARN_ENUM_CONVERSION = YES;
				CLANG_WARN_INFINITE_RECURSION = YES;
				CLANG_WARN_INT_CONVERSION = YES;
				CLANG_WARN_NON_LITERAL_NULL_CONVERSION = YES;
				CLANG_WARN_OBJC_IMPLICIT_RETAIN_SELF = YES;
				CLANG_WARN_OBJC_LITERAL_CONVERSION = YES;
				CLANG_WARN_OBJC_ROOT_CLASS = YES_ERROR;
				CLANG_WARN_QUOTED_INCLUDE_IN_FRAMEWORK_HEADER = YES;
				CLANG_WARN_RANGE_LOOP_ANALYSIS = YES;
				CLANG_WARN_STRICT_PROTOTYPES = YES;
				CLANG_WARN_SUSPICIOUS_MOVE = YES;
				CLANG_WARN_UNGUARDED_AVAILABILITY = YES_AGGRESSIVE;
				CLANG_WARN_UNREACHABLE_CODE = YES;
				CLANG_WARN__DUPLICATE_METHOD_MATCH = YES;
				COPY_PHASE_STRIP = NO;
				DEBUG_INFORMATION_FORMAT = dwarf;
				ENABLE_STRICT_OBJC_MSGSEND = YES;
				ENABLE_TESTABILITY = YES;
				ENABLE_USER_SCRIPT_SANDBOXING = YES;
				GCC_C_LANGUAGE_STANDARD = gnu17;
				GCC_DYNAMIC_NO_PIC = NO;
				GCC_NO_COMMON_BLOCKS = YES;
				GCC_OPTIMIZATION_LEVEL = 0;
				GCC_PREPROCESSOR_DEFINITIONS = (
					"DEBUG=1",
					"$(inherited)",
				);
				GCC_WARN_64_TO_32_BIT_CONVERSION = YES;
				GCC_WARN_ABOUT_RETURN_TYPE = YES_ERROR;
				GCC_WARN_UNDECLARED_SELECTOR = YES;
				GCC_WARN_UNINITIALIZED_AUTOS = YES_AGGRESSIVE;
				GCC_WARN_UNUSED_FUNCTION = YES;
				GCC_WARN_UNUSED_VARIABLE = YES;
				IPHONEOS_DEPLOYMENT_TARGET = 17.4;
				LOCALIZATION_PREFERS_STRING_CATALOGS = YES;
				MTL_ENABLE_DEBUG_INFO = INCLUDE_SOURCE;
				MTL_FAST_MATH = YES;
				ONLY_ACTIVE_ARCH = YES;
				SDKROOT = iphoneos;
				SWIFT_ACTIVE_COMPILATION_CONDITIONS = "DEBUG $(inherited)";
				SWIFT_OPTIMIZATION_LEVEL = "-Onone";
			};
			name = Debug;
		};
		E787D7DA2C0B5A1D0005D34A /* Release */ = {
			isa = XCBuildConfiguration;
			buildSettings = {
				ALWAYS_SEARCH_USER_PATHS = NO;
				ASSETCATALOG_COMPILER_GENERATE_SWIFT_ASSET_SYMBOL_EXTENSIONS = YES;
				CLANG_ANALYZER_NONNULL = YES;
				CLANG_ANALYZER_NUMBER_OBJECT_CONVERSION = YES_AGGRESSIVE;
				CLANG_CXX_LANGUAGE_STANDARD = "gnu++20";
				CLANG_ENABLE_MODULES = YES;
				CLANG_ENABLE_OBJC_ARC = YES;
				CLANG_ENABLE_OBJC_WEAK = YES;
				CLANG_WARN_BLOCK_CAPTURE_AUTORELEASING = YES;
				CLANG_WARN_BOOL_CONVERSION = YES;
				CLANG_WARN_COMMA = YES;
				CLANG_WARN_CONSTANT_CONVERSION = YES;
				CLANG_WARN_DEPRECATED_OBJC_IMPLEMENTATIONS = YES;
				CLANG_WARN_DIRECT_OBJC_ISA_USAGE = YES_ERROR;
				CLANG_WARN_DOCUMENTATION_COMMENTS = YES;
				CLANG_WARN_EMPTY_BODY = YES;
				CLANG_WARN_ENUM_CONVERSION = YES;
				CLANG_WARN_INFINITE_RECURSION = YES;
				CLANG_WARN_INT_CONVERSION = YES;
				CLANG_WARN_NON_LITERAL_NULL_CONVERSION = YES;
				CLANG_WARN_OBJC_IMPLICIT_RETAIN_SELF = YES;
				CLANG_WARN_OBJC_LITERAL_CONVERSION = YES;
				CLANG_WARN_OBJC_ROOT_CLASS = YES_ERROR;
				CLANG_WARN_QUOTED_INCLUDE_IN_FRAMEWORK_HEADER = YES;
				CLANG_WARN_RANGE_LOOP_ANALYSIS = YES;
				CLANG_WARN_STRICT_PROTOTYPES = YES;
				CLANG_WARN_SUSPICIOUS_MOVE = YES;
				CLANG_WARN_UNGUARDED_AVAILABILITY = YES_AGGRESSIVE;
				CLANG_WARN_UNREACHABLE_CODE = YES;
				CLANG_WARN__DUPLICATE_METHOD_MATCH = YES;
				COPY_PHASE_STRIP = NO;
				DEBUG_INFORMATION_FORMAT = "dwarf-with-dsym";
				ENABLE_NS_ASSERTIONS = NO;
				ENABLE_STRICT_OBJC_MSGSEND = YES;
				ENABLE_USER_SCRIPT_SANDBOXING = YES;
				GCC_C_LANGUAGE_STANDARD = gnu17;
				GCC_NO_COMMON_BLOCKS = YES;
				GCC_WARN_64_TO_32_BIT_CONVERSION = YES;
				GCC_WARN_ABOUT_RETURN_TYPE = YES_ERROR;
				GCC_WARN_UNDECLARED_SELECTOR = YES;
				GCC_WARN_UNINITIALIZED_AUTOS = YES_AGGRESSIVE;
				GCC_WARN_UNUSED_FUNCTION = YES;
				GCC_WARN_UNUSED_VARIABLE = YES;
				IPHONEOS_DEPLOYMENT_TARGET = 17.4;
				LOCALIZATION_PREFERS_STRING_CATALOGS = YES;
				MTL_ENABLE_DEBUG_INFO = NO;
				MTL_FAST_MATH = YES;
				SDKROOT = iphoneos;
				SWIFT_COMPILATION_MODE = wholemodule;
				VALIDATE_PRODUCT = YES;
			};
			name = Release;
		};
		E787D7DC2C0B5A1D0005D34A /* Debug */ = {
			isa = XCBuildConfiguration;
			buildSettings = {
				ASSETCATALOG_COMPILER_APPICON_NAME = AppIcon;
				ASSETCATALOG_COMPILER_GLOBAL_ACCENT_COLOR_NAME = AccentColor;
				CODE_SIGN_STYLE = Automatic;
				CURRENT_PROJECT_VERSION = 1;
				DEVELOPMENT_ASSET_PATHS = "\"Luckyme/Preview Content\"";
				DEVELOPMENT_TEAM = NL8Y67QBFG;
				ENABLE_PREVIEWS = YES;
				GENERATE_INFOPLIST_FILE = YES;
				INFOPLIST_FILE = Luckyme/Info.plist;
				INFOPLIST_KEY_CFBundleDisplayName = "";
				INFOPLIST_KEY_UIApplicationSceneManifest_Generation = YES;
				INFOPLIST_KEY_UIApplicationSupportsIndirectInputEvents = YES;
				INFOPLIST_KEY_UILaunchScreen_Generation = YES;
				INFOPLIST_KEY_UISupportedInterfaceOrientations_iPad = "UIInterfaceOrientationPortrait UIInterfaceOrientationPortraitUpsideDown UIInterfaceOrientationLandscapeLeft UIInterfaceOrientationLandscapeRight";
				INFOPLIST_KEY_UISupportedInterfaceOrientations_iPhone = "UIInterfaceOrientationPortrait UIInterfaceOrientationLandscapeLeft UIInterfaceOrientationLandscapeRight";
				LD_RUNPATH_SEARCH_PATHS = (
					"$(inherited)",
					"@executable_path/Frameworks",
				);
				MARKETING_VERSION = 1.0;
				PRODUCT_BUNDLE_IDENTIFIER = com.Luckyme;
				PRODUCT_NAME = "$(TARGET_NAME)";
				SWIFT_EMIT_LOC_STRINGS = YES;
				SWIFT_VERSION = 5.0;
				TARGETED_DEVICE_FAMILY = "1,2";
			};
			name = Debug;
		};
		E787D7DD2C0B5A1D0005D34A /* Release */ = {
			isa = XCBuildConfiguration;
			buildSettings = {
				ASSETCATALOG_COMPILER_APPICON_NAME = AppIcon;
				ASSETCATALOG_COMPILER_GLOBAL_ACCENT_COLOR_NAME = AccentColor;
				CODE_SIGN_STYLE = Automatic;
				CURRENT_PROJECT_VERSION = 1;
				DEVELOPMENT_ASSET_PATHS = "\"Luckyme/Preview Content\"";
				DEVELOPMENT_TEAM = NL8Y67QBFG;
				ENABLE_PREVIEWS = YES;
				GENERATE_INFOPLIST_FILE = YES;
				INFOPLIST_FILE = Luckyme/Info.plist;
				INFOPLIST_KEY_CFBundleDisplayName = "";
				INFOPLIST_KEY_UIApplicationSceneManifest_Generation = YES;
				INFOPLIST_KEY_UIApplicationSupportsIndirectInputEvents = YES;
				INFOPLIST_KEY_UILaunchScreen_Generation = YES;
				INFOPLIST_KEY_UISupportedInterfaceOrientations_iPad = "UIInterfaceOrientationPortrait UIInterfaceOrientationPortraitUpsideDown UIInterfaceOrientationLandscapeLeft UIInterfaceOrientationLandscapeRight";
				INFOPLIST_KEY_UISupportedInterfaceOrientations_iPhone = "UIInterfaceOrientationPortrait UIInterfaceOrientationLandscapeLeft UIInterfaceOrientationLandscapeRight";
				LD_RUNPATH_SEARCH_PATHS = (
					"$(inherited)",
					"@executable_path/Frameworks",
				);
				MARKETING_VERSION = 1.0;
				PRODUCT_BUNDLE_IDENTIFIER = com.Luckyme;
				PRODUCT_NAME = "$(TARGET_NAME)";
				SWIFT_EMIT_LOC_STRINGS = YES;
				SWIFT_VERSION = 5.0;
				TARGETED_DEVICE_FAMILY = "1,2";
			};
			name = Release;
		};
/* End XCBuildConfiguration section */

/* Begin XCConfigurationList section */
		E787D7C82C0B5A1B0005D34A /* Build configuration list for PBXProject "Luckyme" */ = {
			isa = XCConfigurationList;
			buildConfigurations = (
				E787D7D92C0B5A1D0005D34A /* Debug */,
				E787D7DA2C0B5A1D0005D34A /* Release */,
			);
			defaultConfigurationIsVisible = 0;
			defaultConfigurationName = Release;
		};
		E787D7DB2C0B5A1D0005D34A /* Build configuration list for PBXNativeTarget "Luckyme" */ = {
			isa = XCConfigurationList;
			buildConfigurations = (
				E787D7DC2C0B5A1D0005D34A /* Debug */,
				E787D7DD2C0B5A1D0005D34A /* Release */,
			);
			defaultConfigurationIsVisible = 0;
			defaultConfigurationName = Release;
		};
/* End XCConfigurationList section */
	};
	rootObject = E787D7C52C0B5A1B0005D34A /* Project object */;
}
